<?xml version="1.0" encoding="utf-8"?>
<Project ToolsVersion="4.0" xmlns="http://schemas.microsoft.com/developer/msbuild/2003">
  <ItemGroup>
    <Filter Include="Source Files">
      <UniqueIdentifier>{4FC737F1-C7A5-4376-A066-2A32D752A2FF}</UniqueIdentifier>
      <Extensions>cpp;c;cc;cxx;def;odl;idl;hpj;bat;asm;asmx</Extensions>
    </Filter>
    <Filter Include="Header Files">
      <UniqueIdentifier>{93995380-89BD-4b04-88EB-625FBE52EBFB}</UniqueIdentifier>
      <Extensions>h;hh;hpp;hxx;hm;inl;inc;xsd</Extensions>
    </Filter>
    <Filter Include="Resource Files">
      <UniqueIdentifier>{67DA6AB6-F800-4c08-8B7A-83BB121AAD01}</UniqueIdentifier>
      <Extensions>rc;ico;cur;bmp;dlg;rc2;rct;bin;rgs;gif;jpg;jpeg;jpe;resx;tiff;tif;png;wav;mfcribbon-ms</Extensions>
    </Filter>
    <Filter Include="Shaders">
      <UniqueIdentifier>{62ca8971-4aec-4980-ac0e-63b5478e72c6}</UniqueIdentifier>
    </Filter>
    <Filter Include="Source Files\Assimp">
      <UniqueIdentifier>{8931da8f-bd07-4ec0-8767-373e1494f753}</UniqueIdentifier>
    </Filter>
    <Filter Include="Header Files\Assimp">
      <UniqueIdentifier>{d2bd0d10-586b-4cfa-a696-0c10d2ce1bad}</UniqueIdentifier>
    </Filter>
  </ItemGroup>
  <ItemGroup>
    <ClInclude Include="CrimeScene.h">
      <Filter>Header Files</Filter>
    </ClInclude>
    <ClInclude Include="Map.h">
      <Filter>Header Files</Filter>
    </ClInclude>
    <ClInclude Include="MapObject.h">
      <Filter>Header Files</Filter>
    </ClInclude>
    <ClInclude Include="ToolboxPanel.h">
      <Filter>Header Files</Filter>
    </ClInclude>
    <ClInclude Include="Utils.h">
      <Filter>Header Files</Filter>
    </ClInclude>
    <ClInclude Include="AssimpModel.h">
      <Filter>Header Files\Assimp</Filter>
    </ClInclude>
    <ClInclude Include="AssimpMesh.h">
      <Filter>Header Files\Assimp</Filter>
    </ClInclude>
    <ClInclude Include="Player.h">
      <Filter>Header Files</Filter>
    </ClInclude>
    <ClInclude Include="SharedInfo.h">
      <Filter>Header Files</Filter>
    </ClInclude>
    <ClInclude Include="MapTiles.h">
      <Filter>Header Files</Filter>
    </ClInclude>
    <ClInclude Include="Photo.h">
      <Filter>Header Files</Filter>
    </ClInclude>
    <ClInclude Include="InspectObject.h">
      <Filter>Header Files</Filter>
    </ClInclude>
    <ClInclude Include="RestApi.h">
      <Filter>Header Files</Filter>
    </ClInclude>
    <ClInclude Include="InventoryFileIO.h">
      <Filter>Header Files</Filter>
    </ClInclude>
    <ClInclude Include="Physics.h">
      <Filter>Header Files</Filter>
    </ClInclude>
    <ClInclude Include="DebugDrawer.h">
      <Filter>Header Files</Filter>
    </ClInclude>
  </ItemGroup>
  <ItemGroup>
    <ClCompile Include="CrimeScene.cpp">
      <Filter>Source Files</Filter>
    </ClCompile>
    <ClCompile Include="Map.cpp">
      <Filter>Source Files</Filter>
    </ClCompile>
    <ClCompile Include="MapObject.cpp">
      <Filter>Source Files</Filter>
    </ClCompile>
    <ClCompile Include="ToolboxPanel.cpp">
      <Filter>Source Files</Filter>
    </ClCompile>
    <ClCompile Include="Utils.cpp">
      <Filter>Source Files</Filter>
    </ClCompile>
    <ClCompile Include="AssimpModel.cpp">
      <Filter>Source Files\Assimp</Filter>
    </ClCompile>
    <ClCompile Include="AssimpMesh.cpp">
      <Filter>Source Files\Assimp</Filter>
    </ClCompile>
    <ClCompile Include="Player.cpp">
      <Filter>Source Files</Filter>
    </ClCompile>
    <ClCompile Include="SharedInfo.cpp">
      <Filter>Source Files</Filter>
    </ClCompile>
    <ClCompile Include="MapTiles.cpp">
      <Filter>Source Files</Filter>
    </ClCompile>
    <ClCompile Include="Photo.cpp">
      <Filter>Source Files</Filter>
    </ClCompile>
    <ClCompile Include="InspectObject.cpp">
      <Filter>Source Files</Filter>
    </ClCompile>
    <ClCompile Include="RestApi.cpp">
      <Filter>Source Files</Filter>
    </ClCompile>
    <ClCompile Include="InventoryFileIO.cpp">
      <Filter>Source Files</Filter>
    </ClCompile>
    <ClCompile Include="Physics.cpp">
      <Filter>Source Files</Filter>
    </ClCompile>
    <ClCompile Include="DebugDrawer.cpp">
      <Filter>Source Files</Filter>
    </ClCompile>
  </ItemGroup>
  <ItemGroup>
    <None Include="..\..\..\Runtime\data\CrimeSceneV4\Shaders\cubemap.frag" />
    <None Include="..\..\..\Runtime\data\CrimeSceneV4\Shaders\cubemap.vert" />
    <None Include="..\..\..\Runtime\data\CrimeSceneV4\Shaders\default.frag" />
    <None Include="..\..\..\Runtime\data\CrimeSceneV4\Shaders\default.vert" />
    <None Include="..\..\..\Runtime\data\CrimeSceneV4\Shaders\spotlightCone.frag" />
    <None Include="..\..\..\Runtime\data\CrimeSceneV4\Shaders\objectPolylight.frag" />
    <None Include="..\..\..\Runtime\data\CrimeSceneV4\Shaders\objectPolylight.vert" />
    <None Include="..\..\..\Runtime\data\CrimeSceneV4\Shaders\spotlightCone.vert" />
  </ItemGroup>
</Project>